
Microsoft Visual Studio Solution File, Format Version 12.00
# Visual Studio Version 16
VisualStudioVersion = 16.0.32602.291
MinimumVisualStudioVersion = 10.0.40219.1
Project("{FAE04EC0-301F-11D3-BF4B-00C04F79EFBC}") = "CLASSIC_SNAKE_GAME", "CLASSIC_SNAKE_GAME.csproj", "{D874ED9F-41CA-4D44-B45D-C80BB235C8E3}"
EndProject
Global
	GlobalSection(SolutionConfigurationPlatforms) = preSolution
		Debug|Any CPU = Debug|Any CPU
		Release|Any CPU = Release|Any CPU
	EndGlobalSection
	GlobalSection(ProjectConfigurationPlatforms) = postSolution
		{D874ED9F-41CA-4D44-B45D-C80BB235C8E3}.Debug|Any CPU.ActiveCfg = Debug|Any CPU
		{D874ED9F-41CA-4D44-B45D-C80BB235C8E3}.Debug|Any CPU.Build.0 = Debug|Any CPU
		{D874ED9F-41CA-4D44-B45D-C80BB235C8E3}.Release|Any CPU.ActiveCfg = Release|Any CPU
		{D874ED9F-41CA-4D44-B45D-C80BB235C8E3}.Release|Any CPU.Build.0 = Release|Any CPU
	EndGlobalSection
	GlobalSection(SolutionProperties) = preSolution
		HideSolutionNode = FALSE
	EndGlobalSection
	GlobalSection(ExtensibilityGlobals) = postSolution
		SolutionGuid = {84F913CD-4338-4050-99DB-C11DBC763466}
	EndGlobalSection
EndGlobal
